github.com/Ben-bo/go-hello v1.0.0 h1:iTkXHMc2BvgecmOZOqntFXiYoPS6DfSwSLQQIFZbsqE=
github.com/Ben-bo/go-hello v1.0.0/go.mod h1:kq2ehgSb6KijJ5eECUu+PR8cP8ujd7b8Oos7JPXm678=
github.com/Ben-bo/go-hello v1.5.0 h1:emHwmjKs1gp5a2/7YAxIW5tshvZC6qPBB2BvQADHvxE=
github.com/Ben-bo/go-hello v1.5.0/go.mod h1:kq2ehgSb6KijJ5eECUu+PR8cP8ujd7b8Oos7JPXm678=
